
Microsoft Visual Studio Solution File, Format Version 12.00
# Visual Studio Version 16
VisualStudioVersion = 16.0.31005.135
MinimumVisualStudioVersion = 10.0.40219.1
Project("{FAE04EC0-301F-11D3-BF4B-00C04F79EFBC}") = "HManagement", "HManagement\HManagement.csproj", "{FF7A8430-B046-4A33-B281-90B0A54F1C36}"
EndProject
Global
	GlobalSection(SolutionConfigurationPlatforms) = preSolution
		Debug|Any CPU = Debug|Any CPU
		Release|Any CPU = Release|Any CPU
	EndGlobalSection
	GlobalSection(ProjectConfigurationPlatforms) = postSolution
		{FF7A8430-B046-4A33-B281-90B0A54F1C36}.Debug|Any CPU.ActiveCfg = Debug|Any CPU
		{FF7A8430-B046-4A33-B281-90B0A54F1C36}.Debug|Any CPU.Build.0 = Debug|Any CPU
		{FF7A8430-B046-4A33-B281-90B0A54F1C36}.Release|Any CPU.ActiveCfg = Release|Any CPU
		{FF7A8430-B046-4A33-B281-90B0A54F1C36}.Release|Any CPU.Build.0 = Release|Any CPU
	EndGlobalSection
	GlobalSection(SolutionProperties) = preSolution
		HideSolutionNode = FALSE
	EndGlobalSection
	GlobalSection(ExtensibilityGlobals) = postSolution
		SolutionGuid = {3F1FF51B-9CC4-4EE5-9C99-D0E5919D6F13}
	EndGlobalSection
EndGlobal
